
Microsoft Visual Studio Solution File, Format Version 12.00
# Visual Studio 2013
VisualStudioVersion = 12.0.21005.1
MinimumVisualStudioVersion = 10.0.40219.1
Project("{2150E333-8FDC-42A3-9474-1A3956D46DE8}") = "Clients", "Clients", "{9BF1EFBA-D595-4818-90A9-66332538468E}"
EndProject
Project("{2150E333-8FDC-42A3-9474-1A3956D46DE8}") = "Hosts", "Hosts", "{A41158E6-10E4-4ECD-ADE4-199D67561D01}"
EndProject
Project("{2150E333-8FDC-42A3-9474-1A3956D46DE8}") = "Interfaces", "Interfaces", "{C213744A-FB4A-429F-9EC2-ED6C2E3964C5}"
EndProject
Project("{2150E333-8FDC-42A3-9474-1A3956D46DE8}") = "Services", "Services", "{426F7AE4-2D10-4719-8B4F-019585CA63DC}"
EndProject
Project("{FAE04EC0-301F-11D3-BF4B-00C04F79EFBC}") = "CarManagmentInterface", "CarManagmentInterface\CarManagmentInterface.csproj", "{70DDB2D0-1D05-41CC-A3DC-408322495E0D}"
EndProject
Project("{FAE04EC0-301F-11D3-BF4B-00C04F79EFBC}") = "CustomerInterface", "CustomerInterface\CustomerInterface.csproj", "{96642EA6-8F3C-4934-A238-F88848FE2061}"
EndProject
Project("{FAE04EC0-301F-11D3-BF4B-00C04F79EFBC}") = "ExternalInterface", "ExternalInterface\ExternalInterface.csproj", "{162142EA-3DC6-4C70-AF21-5FD6D6AE6FDF}"
EndProject
Project("{FAE04EC0-301F-11D3-BF4B-00C04F79EFBC}") = "RentalInterface", "RentalInterface\RentalInterface.csproj", "{1984B374-5BD2-49A7-AE61-930BBC91C077}"
EndProject
Project("{FAE04EC0-301F-11D3-BF4B-00C04F79EFBC}") = "CarManagementService", "CarManagementService\CarManagementService.csproj", "{EF742F04-EF84-48B1-AEEB-764C68509D0D}"
EndProject
Project("{FAE04EC0-301F-11D3-BF4B-00C04F79EFBC}") = "CustomerService", "CustomerService\CustomerService.csproj", "{D5017A05-F7C6-46FF-86FA-8316649F18D6}"
EndProject
Project("{FAE04EC0-301F-11D3-BF4B-00C04F79EFBC}") = "RentalService", "RentalService\RentalService.csproj", "{5716A1E7-AE66-4903-B89A-AEC7C59DA573}"
EndProject
Project("{FAE04EC0-301F-11D3-BF4B-00C04F79EFBC}") = "ExternalInterfaceFacade", "ExternalInterfaceFacade\ExternalInterfaceFacade.csproj", "{93631AB1-69A4-4FAE-B232-EFD1A04008DB}"
EndProject
Project("{FAE04EC0-301F-11D3-BF4B-00C04F79EFBC}") = "HostAllService", "HostAllService\HostAllService.csproj", "{B05E4654-2866-470A-892D-DF5612B58116}"
EndProject
Project("{2150E333-8FDC-42A3-9474-1A3956D46DE8}") = "Model", "Model", "{54AD8799-8FDD-4EE1-B12E-649923D08996}"
EndProject
Project("{FAE04EC0-301F-11D3-BF4B-00C04F79EFBC}") = "DBModel", "DBModel\DBModel.csproj", "{D8B18029-3857-41DA-B3BD-06009A8DADE7}"
EndProject
Project("{FAE04EC0-301F-11D3-BF4B-00C04F79EFBC}") = "CarApplication", "CarApplication\CarApplication.csproj", "{F0A37743-EE9D-4992-B9AD-6F7F87152337}"
EndProject
Global
	GlobalSection(SolutionConfigurationPlatforms) = preSolution
		Debug|Any CPU = Debug|Any CPU
		Release|Any CPU = Release|Any CPU
	EndGlobalSection
	GlobalSection(ProjectConfigurationPlatforms) = postSolution
		{70DDB2D0-1D05-41CC-A3DC-408322495E0D}.Debug|Any CPU.ActiveCfg = Debug|Any CPU
		{70DDB2D0-1D05-41CC-A3DC-408322495E0D}.Debug|Any CPU.Build.0 = Debug|Any CPU
		{70DDB2D0-1D05-41CC-A3DC-408322495E0D}.Release|Any CPU.ActiveCfg = Release|Any CPU
		{70DDB2D0-1D05-41CC-A3DC-408322495E0D}.Release|Any CPU.Build.0 = Release|Any CPU
		{96642EA6-8F3C-4934-A238-F88848FE2061}.Debug|Any CPU.ActiveCfg = Debug|Any CPU
		{96642EA6-8F3C-4934-A238-F88848FE2061}.Debug|Any CPU.Build.0 = Debug|Any CPU
		{96642EA6-8F3C-4934-A238-F88848FE2061}.Release|Any CPU.ActiveCfg = Release|Any CPU
		{96642EA6-8F3C-4934-A238-F88848FE2061}.Release|Any CPU.Build.0 = Release|Any CPU
		{162142EA-3DC6-4C70-AF21-5FD6D6AE6FDF}.Debug|Any CPU.ActiveCfg = Debug|Any CPU
		{162142EA-3DC6-4C70-AF21-5FD6D6AE6FDF}.Debug|Any CPU.Build.0 = Debug|Any CPU
		{162142EA-3DC6-4C70-AF21-5FD6D6AE6FDF}.Release|Any CPU.ActiveCfg = Release|Any CPU
		{162142EA-3DC6-4C70-AF21-5FD6D6AE6FDF}.Release|Any CPU.Build.0 = Release|Any CPU
		{1984B374-5BD2-49A7-AE61-930BBC91C077}.Debug|Any CPU.ActiveCfg = Debug|Any CPU
		{1984B374-5BD2-49A7-AE61-930BBC91C077}.Debug|Any CPU.Build.0 = Debug|Any CPU
		{1984B374-5BD2-49A7-AE61-930BBC91C077}.Release|Any CPU.ActiveCfg = Release|Any CPU
		{1984B374-5BD2-49A7-AE61-930BBC91C077}.Release|Any CPU.Build.0 = Release|Any CPU
		{EF742F04-EF84-48B1-AEEB-764C68509D0D}.Debug|Any CPU.ActiveCfg = Debug|Any CPU
		{EF742F04-EF84-48B1-AEEB-764C68509D0D}.Debug|Any CPU.Build.0 = Debug|Any CPU
		{EF742F04-EF84-48B1-AEEB-764C68509D0D}.Release|Any CPU.ActiveCfg = Release|Any CPU
		{EF742F04-EF84-48B1-AEEB-764C68509D0D}.Release|Any CPU.Build.0 = Release|Any CPU
		{D5017A05-F7C6-46FF-86FA-8316649F18D6}.Debug|Any CPU.ActiveCfg = Debug|Any CPU
		{D5017A05-F7C6-46FF-86FA-8316649F18D6}.Debug|Any CPU.Build.0 = Debug|Any CPU
		{D5017A05-F7C6-46FF-86FA-8316649F18D6}.Release|Any CPU.ActiveCfg = Release|Any CPU
		{D5017A05-F7C6-46FF-86FA-8316649F18D6}.Release|Any CPU.Build.0 = Release|Any CPU
		{5716A1E7-AE66-4903-B89A-AEC7C59DA573}.Debug|Any CPU.ActiveCfg = Debug|Any CPU
		{5716A1E7-AE66-4903-B89A-AEC7C59DA573}.Debug|Any CPU.Build.0 = Debug|Any CPU
		{5716A1E7-AE66-4903-B89A-AEC7C59DA573}.Release|Any CPU.ActiveCfg = Release|Any CPU
		{5716A1E7-AE66-4903-B89A-AEC7C59DA573}.Release|Any CPU.Build.0 = Release|Any CPU
		{93631AB1-69A4-4FAE-B232-EFD1A04008DB}.Debug|Any CPU.ActiveCfg = Debug|Any CPU
		{93631AB1-69A4-4FAE-B232-EFD1A04008DB}.Debug|Any CPU.Build.0 = Debug|Any CPU
		{93631AB1-69A4-4FAE-B232-EFD1A04008DB}.Release|Any CPU.ActiveCfg = Release|Any CPU
		{93631AB1-69A4-4FAE-B232-EFD1A04008DB}.Release|Any CPU.Build.0 = Release|Any CPU
		{B05E4654-2866-470A-892D-DF5612B58116}.Debug|Any CPU.ActiveCfg = Debug|Any CPU
		{B05E4654-2866-470A-892D-DF5612B58116}.Debug|Any CPU.Build.0 = Debug|Any CPU
		{B05E4654-2866-470A-892D-DF5612B58116}.Release|Any CPU.ActiveCfg = Release|Any CPU
		{B05E4654-2866-470A-892D-DF5612B58116}.Release|Any CPU.Build.0 = Release|Any CPU
		{D8B18029-3857-41DA-B3BD-06009A8DADE7}.Debug|Any CPU.ActiveCfg = Debug|Any CPU
		{D8B18029-3857-41DA-B3BD-06009A8DADE7}.Debug|Any CPU.Build.0 = Debug|Any CPU
		{D8B18029-3857-41DA-B3BD-06009A8DADE7}.Release|Any CPU.ActiveCfg = Release|Any CPU
		{D8B18029-3857-41DA-B3BD-06009A8DADE7}.Release|Any CPU.Build.0 = Release|Any CPU
		{F0A37743-EE9D-4992-B9AD-6F7F87152337}.Debug|Any CPU.ActiveCfg = Debug|Any CPU
		{F0A37743-EE9D-4992-B9AD-6F7F87152337}.Debug|Any CPU.Build.0 = Debug|Any CPU
		{F0A37743-EE9D-4992-B9AD-6F7F87152337}.Release|Any CPU.ActiveCfg = Release|Any CPU
		{F0A37743-EE9D-4992-B9AD-6F7F87152337}.Release|Any CPU.Build.0 = Release|Any CPU
	EndGlobalSection
	GlobalSection(SolutionProperties) = preSolution
		HideSolutionNode = FALSE
	EndGlobalSection
	GlobalSection(NestedProjects) = preSolution
		{F0A37743-EE9D-4992-B9AD-6F7F87152337} = {9BF1EFBA-D595-4818-90A9-66332538468E}
		{B05E4654-2866-470A-892D-DF5612B58116} = {A41158E6-10E4-4ECD-ADE4-199D67561D01}
		{70DDB2D0-1D05-41CC-A3DC-408322495E0D} = {C213744A-FB4A-429F-9EC2-ED6C2E3964C5}
		{96642EA6-8F3C-4934-A238-F88848FE2061} = {C213744A-FB4A-429F-9EC2-ED6C2E3964C5}
		{162142EA-3DC6-4C70-AF21-5FD6D6AE6FDF} = {C213744A-FB4A-429F-9EC2-ED6C2E3964C5}
		{1984B374-5BD2-49A7-AE61-930BBC91C077} = {C213744A-FB4A-429F-9EC2-ED6C2E3964C5}
		{EF742F04-EF84-48B1-AEEB-764C68509D0D} = {426F7AE4-2D10-4719-8B4F-019585CA63DC}
		{D5017A05-F7C6-46FF-86FA-8316649F18D6} = {426F7AE4-2D10-4719-8B4F-019585CA63DC}
		{5716A1E7-AE66-4903-B89A-AEC7C59DA573} = {426F7AE4-2D10-4719-8B4F-019585CA63DC}
		{93631AB1-69A4-4FAE-B232-EFD1A04008DB} = {426F7AE4-2D10-4719-8B4F-019585CA63DC}
		{D8B18029-3857-41DA-B3BD-06009A8DADE7} = {54AD8799-8FDD-4EE1-B12E-649923D08996}
	EndGlobalSection
EndGlobal
